{
  "name": "dsh-sidebar-annotations",
  "version": "0.1.0",
  "lockfileVersion": 3,
  "requires": true,
  "packages": {
    "": {
      "name": "dsh-sidebar-annotations",
      "version": "0.1.0",
      "license": "MIT",
      "engines": {
        "node": ">=22.12.0"
      },
      "peerDependencies": {
        "@deepseek-ai/dsh-tools": "^0.1.5-rc.2"
      }
    },
    "node_modules/@deepseek-ai/cordis": {
      "version": "4.0.2",
      "resolved": "https://registry.npmjs.org/@deepseek-ai/cordis/-/cordis-4.0.2.tgz",
      "integrity": "sha512-asOnXP1TzFSFQlHb1iegDZp0z/8WD1c7YNrwJR/Tx2bzNuMXfcekE/I67Iv6SQXeLB4csxqCngzQKANP7gdw0g==",
      "license": "MIT",
      "peer": true,
      "dependencies": {
        "@deepseek-ai/cosmokit": "^1.8.3",
        "@standard-schema/spec": "^1.1.0"
      },
      "bin": {
        "cordis": "bin.js"
      },
      "peerDependencies": {
        "@deepseek-ai/cordis-plugin-include": "^1.0.7",
        "@deepseek-ai/cordis-plugin-loader": "^1.0.3"
      },
      "peerDependenciesMeta": {
        "@deepseek-ai/cordis-plugin-include": {
          "optional": true
        },
        "@deepseek-ai/cordis-plugin-loader": {
          "optional": true
        }
      }
    },
    "node_modules/@deepseek-ai/cosmokit": {
      "version": "1.8.5",
      "resolved": "https://registry.npmjs.org/@deepseek-ai/cosmokit/-/cosmokit-1.8.5.tgz",
      "integrity": "sha512-LXsrlem9z8dq4sLflj2yuCuYX7KqhdzF5hZly3eZyuTo8d6oDSOXuEgC5DbQWKW+lksm6zmOutQLsP/ma6wR6A==",
      "license": "MIT",
      "peer": true
    },
    "node_modules/@deepseek-ai/dsh-agent": {
      "version": "0.1.5-rc.3",
      "resolved": "https://registry.npmjs.org/@deepseek-ai/dsh-agent/-/dsh-agent-0.1.5-rc.3.tgz",
      "integrity": "sha512-+BvnHhttEpT/7HAlpx+QUQvLdXTEvF9o8j4bGOUIEWMJeblm2DKDXWuVL1Pzanm5ZW0ec9Y/WOnDcExMUMkh3Q==",
      "license": "MIT",
      "peer": true,
      "peerDependencies": {
        "@deepseek-ai/cordis": "4.0.2",
        "@deepseek-ai/dsh-invariants": "^0.1.5-rc.3",
        "@deepseek-ai/dsh-llm": "^0.1.5-rc.3",
        "@deepseek-ai/dsh-scope": "^0.1.5-rc.3",
        "@deepseek-ai/dsh-session": "^0.1.5-rc.3",
        "@deepseek-ai/dsh-session-projection": "^0.1.5-rc.3",
        "@deepseek-ai/dsh-system-prompt": "^0.1.5-rc.3",
        "@deepseek-ai/dsh-typert-protocol": "^0.1.5-rc.3",
        "@deepseek-ai/dsh-util-values": "^0.1.5-rc.3"
      }
    },
    "node_modules/@deepseek-ai/dsh-brand": {
      "version": "0.1.5-rc.3",
      "resolved": "https://registry.npmjs.org/@deepseek-ai/dsh-brand/-/dsh-brand-0.1.5-rc.3.tgz",
      "integrity": "sha512-pzbPtyEwnFMCrUYLwFio8GmUxtTqqAkhW5IheWH1tSgUnVIAu4OwVbxwTNiDGMRbgTRAzT9xZ7bukUejpyob4w==",
      "license": "MIT",
      "peer": true,
      "peerDependencies": {
        "@deepseek-ai/cordis": "4.0.2"
      }
    },
    "node_modules/@deepseek-ai/dsh-code-runtime": {
      "version": "0.1.5-rc.3",
      "resolved": "https://registry.npmjs.org/@deepseek-ai/dsh-code-runtime/-/dsh-code-runtime-0.1.5-rc.3.tgz",
      "integrity": "sha512-BXxnniypydUqy5H5VhQGso5QK6Q+HNurTf8jaTv5FYOR/vxB40LY+bFGd70sTthi2q3nh6rqVV0yKJqYhyPksQ==",
      "license": "MIT",
      "peer": true,
      "peerDependencies": {
        "@deepseek-ai/cordis": "4.0.2"
      }
    },
    "node_modules/@deepseek-ai/dsh-invariants": {
      "version": "0.1.5-rc.3",
      "resolved": "https://registry.npmjs.org/@deepseek-ai/dsh-invariants/-/dsh-invariants-0.1.5-rc.3.tgz",
      "integrity": "sha512-1iPfLsu8zFAsfIRYE958uMhB3oTO/LmN3ArTifxWFlRvCmBRd9Ca6l7DZh/daLnJsDSdtLQtVzPqbgTV9tzNlQ==",
      "license": "MIT",
      "peer": true,
      "dependencies": {
        "@deepseek-ai/schemastery": "3.18.2"
      },
      "peerDependencies": {
        "@deepseek-ai/cordis": "4.0.2"
      }
    },
    "node_modules/@deepseek-ai/dsh-llm": {
      "version": "0.1.5-rc.3",
      "resolved": "https://registry.npmjs.org/@deepseek-ai/dsh-llm/-/dsh-llm-0.1.5-rc.3.tgz",
      "integrity": "sha512-c6Z7S1SlRAgLKQ/MZKp0mCMrBz06X9XEddLFxhK5Flq0PM18dsJgIbRgNpobILy2AJyYx0vnHbepjmITW6BXWA==",
      "license": "MIT",
      "peer": true,
      "dependencies": {
        "@deepseek-ai/dsh-brand": "^0.1.5-rc.3",
        "@deepseek-ai/dsh-timeout": "^0.1.5-rc.3",
        "@deepseek-ai/dsh-typert-protocol": "^0.1.5-rc.3",
        "@deepseek-ai/dsh-util-crypto": "^0.1.5-rc.3",
        "@deepseek-ai/dsh-util-values": "^0.1.5-rc.3",
        "@deepseek-ai/schemastery": "3.18.2",
        "zod": "^4.4.3"
      },
      "peerDependencies": {
        "@deepseek-ai/cordis": "4.0.2"
      }
    },
    "node_modules/@deepseek-ai/dsh-scope": {
      "version": "0.1.5-rc.3",
      "resolved": "https://registry.npmjs.org/@deepseek-ai/dsh-scope/-/dsh-scope-0.1.5-rc.3.tgz",
      "integrity": "sha512-2B45GShJQwPs+Ad4MdI2kkbxkogagZopAY2lbYowAz6Oris3jGxZJ4v3/ZyJw7c9bhTJUagHXCpXQYFSIXumLA==",
      "license": "MIT",
      "peer": true,
      "peerDependencies": {
        "@deepseek-ai/cordis": "4.0.2",
        "@deepseek-ai/dsh-invariants": "^0.1.5-rc.3"
      }
    },
    "node_modules/@deepseek-ai/dsh-session": {
      "version": "0.1.5-rc.3",
      "resolved": "https://registry.npmjs.org/@deepseek-ai/dsh-session/-/dsh-session-0.1.5-rc.3.tgz",
      "integrity": "sha512-ZvcJxTCLSPVRFLElseKAOR6hByyNuUk+O+mQtPGKQwh/CWa55aN13oEYTS7bskeSFRrWkHTx4KLgDYilMNZhqw==",
      "license": "MIT",
      "peer": true,
      "dependencies": {
        "@deepseek-ai/dsh-brand": "^0.1.5-rc.3",
        "@deepseek-ai/dsh-llm": "^0.1.5-rc.3",
        "@deepseek-ai/dsh-util-values": "^0.1.5-rc.3"
      },
      "peerDependencies": {
        "@deepseek-ai/cordis": "4.0.2",
        "@deepseek-ai/dsh-scope": "^0.1.5-rc.3"
      }
    },
    "node_modules/@deepseek-ai/dsh-session-projection": {
      "version": "0.1.5-rc.3",
      "resolved": "https://registry.npmjs.org/@deepseek-ai/dsh-session-projection/-/dsh-session-projection-0.1.5-rc.3.tgz",
      "integrity": "sha512-cZEVVXN38N3cm+577BjZfVymDWUtG+lbi041vl6rJme4AfNaz2PujcVbzFu1PXg+QpbX19r0JA01B/t62xLOQg==",
      "license": "MIT",
      "peer": true,
      "dependencies": {
        "zod": "^4.4.3"
      },
      "peerDependencies": {
        "@deepseek-ai/cordis": "4.0.2",
        "@deepseek-ai/dsh-session": "^0.1.5-rc.3"
      }
    },
    "node_modules/@deepseek-ai/dsh-system-prompt": {
      "version": "0.1.5-rc.3",
      "resolved": "https://registry.npmjs.org/@deepseek-ai/dsh-system-prompt/-/dsh-system-prompt-0.1.5-rc.3.tgz",
      "integrity": "sha512-CVWTVym37iHQ8ibty8N+LiPcEF/SPjzXOG/BpyzIMuH1D0wJfRThGgFgGUHRdhJUw/e3WYmyxTfZHlkWnIdojA==",
      "license": "MIT",
      "peer": true,
      "dependencies": {
        "@deepseek-ai/schemastery": "3.18.2"
      },
      "peerDependencies": {
        "@deepseek-ai/cordis": "4.0.2",
        "@deepseek-ai/dsh-invariants": "^0.1.5-rc.3",
        "@deepseek-ai/dsh-llm": "^0.1.5-rc.3",
        "@deepseek-ai/dsh-scope": "^0.1.5-rc.3"
      }
    },
    "node_modules/@deepseek-ai/dsh-timeout": {
      "version": "0.1.5-rc.3",
      "resolved": "https://registry.npmjs.org/@deepseek-ai/dsh-timeout/-/dsh-timeout-0.1.5-rc.3.tgz",
      "integrity": "sha512-Z7HyqvGaO/k4XLp/EykvIuA0i67CvWb/R0c7Lt/3/8dwmDvqKWgWvh/EiNip7UMXMpQBJzI+Xe4OuzXV/A90Nw==",
      "license": "MIT",
      "peer": true,
      "peerDependencies": {
        "@deepseek-ai/cordis": "4.0.2"
      }
    },
    "node_modules/@deepseek-ai/dsh-tools": {
      "version": "0.1.5-rc.3",
      "resolved": "https://registry.npmjs.org/@deepseek-ai/dsh-tools/-/dsh-tools-0.1.5-rc.3.tgz",
      "integrity": "sha512-GEMQyn1iHmQhwn/2gwDRdyaD369zu7DCQ0Ao58hGYMDhPBaoc21SuKZ3I5wVJcYRhSPfSev2Gz9FJ+x1R6tSZw==",
      "license": "MIT",
      "peer": true,
      "dependencies": {
        "@deepseek-ai/dsh-brand": "^0.1.5-rc.3",
        "@deepseek-ai/dsh-util-values": "^0.1.5-rc.3",
        "@deepseek-ai/schemastery": "3.18.2"
      },
      "peerDependencies": {
        "@deepseek-ai/cordis": "4.0.2",
        "@deepseek-ai/dsh-agent": "^0.1.5-rc.3",
        "@deepseek-ai/dsh-code-runtime": "^0.1.5-rc.3",
        "@deepseek-ai/dsh-invariants": "^0.1.5-rc.3",
        "@deepseek-ai/dsh-llm": "^0.1.5-rc.3",
        "@deepseek-ai/dsh-scope": "^0.1.5-rc.3",
        "@deepseek-ai/dsh-session": "^0.1.5-rc.3",
        "@deepseek-ai/dsh-system-prompt": "^0.1.5-rc.3",
        "@deepseek-ai/dsh-user-approval": "^0.1.5-rc.3"
      }
    },
    "node_modules/@deepseek-ai/dsh-typert-protocol": {
      "version": "0.1.5-rc.3",
      "resolved": "https://registry.npmjs.org/@deepseek-ai/dsh-typert-protocol/-/dsh-typert-protocol-0.1.5-rc.3.tgz",
      "integrity": "sha512-lcQGIQK4Z5dBguLQFzoDiHQBT387egSnFYJOakEjqIMM9jkAfMI/HqlsVSRSzHW7SQL9f6SxJMHCD7pIkJzsWA==",
      "license": "MIT",
      "peer": true,
      "peerDependencies": {
        "@deepseek-ai/cordis": "4.0.2"
      }
    },
    "node_modules/@deepseek-ai/dsh-user-approval": {
      "version": "0.1.5-rc.3",
      "resolved": "https://registry.npmjs.org/@deepseek-ai/dsh-user-approval/-/dsh-user-approval-0.1.5-rc.3.tgz",
      "integrity": "sha512-AOgmQWcowf8PgRKC4Ejs9oBMmLyJGHJCWawCCHs4Ztx7M8/o01Zccma1TgrSDDwW2ITlJx6ad6OJceX7Kvs4nA==",
      "license": "MIT",
      "peer": true,
      "dependencies": {
        "@deepseek-ai/schemastery": "3.18.2"
      },
      "peerDependencies": {
        "@deepseek-ai/cordis": "4.0.2",
        "@deepseek-ai/dsh-agent": "^0.1.5-rc.3",
        "@deepseek-ai/dsh-brand": "^0.1.5-rc.3",
        "@deepseek-ai/dsh-invariants": "^0.1.5-rc.3",
        "@deepseek-ai/dsh-llm": "^0.1.5-rc.3",
        "@deepseek-ai/dsh-scope": "^0.1.5-rc.3",
        "@deepseek-ai/dsh-session": "^0.1.5-rc.3",
        "@deepseek-ai/dsh-system-prompt": "^0.1.5-rc.3"
      }
    },
    "node_modules/@deepseek-ai/dsh-util-crypto": {
      "version": "0.1.5-rc.3",
      "resolved": "https://registry.npmjs.org/@deepseek-ai/dsh-util-crypto/-/dsh-util-crypto-0.1.5-rc.3.tgz",
      "integrity": "sha512-gQAFF2TLLAV5ejHAklCplePVdL2TV4CH1Xt3A0bqaLxZ2zoOxXoVUieUzPrHo+X1NKfsmdcWvOx9zdlDkXY+sQ==",
      "license": "MIT",
      "peer": true,
      "peerDependencies": {
        "@deepseek-ai/cordis": "4.0.2"
      }
    },
    "node_modules/@deepseek-ai/dsh-util-values": {
      "version": "0.1.5-rc.3",
      "resolved": "https://registry.npmjs.org/@deepseek-ai/dsh-util-values/-/dsh-util-values-0.1.5-rc.3.tgz",
      "integrity": "sha512-K0qEm9XmgcxCMuJBK7skNE3v35JTOurN24IwrZ4t0xoaSlZSF4wR0L/R7ipj9IQSlB7sGdQLdegTNsZmSlmw4Q==",
      "license": "MIT",
      "peer": true,
      "peerDependencies": {
        "@deepseek-ai/cordis": "4.0.2"
      }
    },
    "node_modules/@deepseek-ai/schemastery": {
      "version": "3.18.2",
      "resolved": "https://registry.npmjs.org/@deepseek-ai/schemastery/-/schemastery-3.18.2.tgz",
      "integrity": "sha512-njDtZsznjYxok7KLLlHOPyuv2efdWVbSflAHgztSfbMsg+CVraEoRe2DjOCgClYv3ZCSm7WXoaUkbB/+RY7tWQ==",
      "license": "MIT",
      "peer": true,
      "dependencies": {
        "@deepseek-ai/cosmokit": "^1.8.3",
        "@standard-schema/spec": "^1.1.0"
      }
    },
    "node_modules/@standard-schema/spec": {
      "version": "1.1.0",
      "resolved": "https://registry.npmjs.org/@standard-schema/spec/-/spec-1.1.0.tgz",
      "integrity": "sha512-l2aFy5jALhniG5HgqrD6jXLi/rUWrKvqN/qJx6yoJsgKhblVd+iqqU4RCXavm/jPityDo5TCvKMnpjKnOriy0w==",
      "license": "MIT",
      "peer": true
    },
    "node_modules/zod": {
      "version": "4.6.5",
      "resolved": "https://registry.npmjs.org/zod/-/zod-4.6.5.tgz",
      "integrity": "sha512-v5l/aFXZQeai4awLbOpSoHecE9UiMrnfx75tEXLjNonXVARxQ5mOeipTjROUchszUNCqnE+hqAMujRsRHsut2Q==",
      "license": "MIT",
      "peer": true,
      "funding": {
        "url": "https://github.com/sponsors/colinhacks"
      }
    }
  }
}
